
Microsoft Visual Studio Solution File, Format Version 12.00
# Visual Studio 14
VisualStudioVersion = 14.0.23107.0
MinimumVisualStudioVersion = 10.0.40219.1
Project("{FAE04EC0-301F-11D3-BF4B-00C04F79EFBC}") = "faceplateio", "faceplateio\faceplateio.csproj", "{43B4B80C-9408-4CFB-9779-8644B460252F}"
EndProject
Project("{2150E333-8FDC-42A3-9474-1A3956D46DE8}") = "PublishScripts", "PublishScripts", "{0950DD6E-6453-4102-B1B2-9E74DA0AD409}"
EndProject
Project("{2150E333-8FDC-42A3-9474-1A3956D46DE8}") = "Scripts", "Scripts", "{86DC07C8-B190-448D-8B5A-3323066A84FE}"
	ProjectSection(SolutionItems) = preProject
		PublishScripts\Scripts\Deploy-AzureResourceGroup.ps1 = PublishScripts\Scripts\Deploy-AzureResourceGroup.ps1
	EndProjectSection
EndProject
Project("{2150E333-8FDC-42A3-9474-1A3956D46DE8}") = "Templates", "Templates", "{FB0A70BB-E84E-46AF-831B-585AC3C89C0E}"
	ProjectSection(SolutionItems) = preProject
		PublishScripts\Templates\faceplateio.json = PublishScripts\Templates\faceplateio.json
		PublishScripts\Templates\faceplateio.param.dev.json = PublishScripts\Templates\faceplateio.param.dev.json
	EndProjectSection
EndProject
Global
	GlobalSection(SolutionConfigurationPlatforms) = preSolution
		Debug|Any CPU = Debug|Any CPU
		Release|Any CPU = Release|Any CPU
	EndGlobalSection
	GlobalSection(ProjectConfigurationPlatforms) = postSolution
		{43B4B80C-9408-4CFB-9779-8644B460252F}.Debug|Any CPU.ActiveCfg = Debug|Any CPU
		{43B4B80C-9408-4CFB-9779-8644B460252F}.Debug|Any CPU.Build.0 = Debug|Any CPU
		{43B4B80C-9408-4CFB-9779-8644B460252F}.Release|Any CPU.ActiveCfg = Release|Any CPU
		{43B4B80C-9408-4CFB-9779-8644B460252F}.Release|Any CPU.Build.0 = Release|Any CPU
	EndGlobalSection
	GlobalSection(SolutionProperties) = preSolution
		HideSolutionNode = FALSE
	EndGlobalSection
	GlobalSection(NestedProjects) = preSolution
		{86DC07C8-B190-448D-8B5A-3323066A84FE} = {0950DD6E-6453-4102-B1B2-9E74DA0AD409}
		{FB0A70BB-E84E-46AF-831B-585AC3C89C0E} = {0950DD6E-6453-4102-B1B2-9E74DA0AD409}
	EndGlobalSection
EndGlobal
